
Microsoft Visual Studio Solution File, Format Version 12.00
# Visual Studio Version 17
VisualStudioVersion = 17.5.33402.96
MinimumVisualStudioVersion = 10.0.40219.1
Project("{9A19103F-16F7-4668-BE54-9A1E7A4F7556}") = "StockGrader.Writer.Test", "StockGrader.Test\StockGrader.Writer.Test.csproj", "{D01FB383-6B87-4B20-8CE6-C854A692BE0A}"
EndProject
Project("{9A19103F-16F7-4668-BE54-9A1E7A4F7556}") = "StockGrader.ExecutableConsoleApp", "StockGrader.ExecutableConsoleApp\StockGrader.ExecutableConsoleApp.csproj", "{470311CE-744F-49AE-A4C8-6D3F5029BAAD}"
EndProject
Project("{9A19103F-16F7-4668-BE54-9A1E7A4F7556}") = "StockGrader.Evaluator.Test", "StockGrader.Evaluator.Test\StockGrader.Evaluator.Test.csproj", "{42213968-76DC-463C-96B1-76A78AB6CBDB}"
EndProject
Project("{9A19103F-16F7-4668-BE54-9A1E7A4F7556}") = "StockGrader.DAL", "StockGrader.DAL\StockGrader.DAL.csproj", "{4BFBAE53-E0E7-419D-9E2D-A42ECCAAD81D}"
EndProject
Project("{FAE04EC0-301F-11D3-BF4B-00C04F79EFBC}") = "StockGrader.BL", "StockGrader.BL\StockGrader.BL.csproj", "{D5489213-F9C1-43D8-9EAB-B75FB87C53E1}"
EndProject
Global
	GlobalSection(SolutionConfigurationPlatforms) = preSolution
		Debug|Any CPU = Debug|Any CPU
		Release|Any CPU = Release|Any CPU
	EndGlobalSection
	GlobalSection(ProjectConfigurationPlatforms) = postSolution
		{D01FB383-6B87-4B20-8CE6-C854A692BE0A}.Debug|Any CPU.ActiveCfg = Debug|Any CPU
		{D01FB383-6B87-4B20-8CE6-C854A692BE0A}.Debug|Any CPU.Build.0 = Debug|Any CPU
		{D01FB383-6B87-4B20-8CE6-C854A692BE0A}.Release|Any CPU.ActiveCfg = Release|Any CPU
		{D01FB383-6B87-4B20-8CE6-C854A692BE0A}.Release|Any CPU.Build.0 = Release|Any CPU
		{470311CE-744F-49AE-A4C8-6D3F5029BAAD}.Debug|Any CPU.ActiveCfg = Debug|Any CPU
		{470311CE-744F-49AE-A4C8-6D3F5029BAAD}.Debug|Any CPU.Build.0 = Debug|Any CPU
		{470311CE-744F-49AE-A4C8-6D3F5029BAAD}.Release|Any CPU.ActiveCfg = Release|Any CPU
		{470311CE-744F-49AE-A4C8-6D3F5029BAAD}.Release|Any CPU.Build.0 = Release|Any CPU
		{42213968-76DC-463C-96B1-76A78AB6CBDB}.Debug|Any CPU.ActiveCfg = Debug|Any CPU
		{42213968-76DC-463C-96B1-76A78AB6CBDB}.Debug|Any CPU.Build.0 = Debug|Any CPU
		{42213968-76DC-463C-96B1-76A78AB6CBDB}.Release|Any CPU.ActiveCfg = Release|Any CPU
		{42213968-76DC-463C-96B1-76A78AB6CBDB}.Release|Any CPU.Build.0 = Release|Any CPU
		{4BFBAE53-E0E7-419D-9E2D-A42ECCAAD81D}.Debug|Any CPU.ActiveCfg = Debug|Any CPU
		{4BFBAE53-E0E7-419D-9E2D-A42ECCAAD81D}.Debug|Any CPU.Build.0 = Debug|Any CPU
		{4BFBAE53-E0E7-419D-9E2D-A42ECCAAD81D}.Release|Any CPU.ActiveCfg = Release|Any CPU
		{4BFBAE53-E0E7-419D-9E2D-A42ECCAAD81D}.Release|Any CPU.Build.0 = Release|Any CPU
		{D5489213-F9C1-43D8-9EAB-B75FB87C53E1}.Debug|Any CPU.ActiveCfg = Debug|Any CPU
		{D5489213-F9C1-43D8-9EAB-B75FB87C53E1}.Debug|Any CPU.Build.0 = Debug|Any CPU
		{D5489213-F9C1-43D8-9EAB-B75FB87C53E1}.Release|Any CPU.ActiveCfg = Release|Any CPU
		{D5489213-F9C1-43D8-9EAB-B75FB87C53E1}.Release|Any CPU.Build.0 = Release|Any CPU
	EndGlobalSection
	GlobalSection(SolutionProperties) = preSolution
		HideSolutionNode = FALSE
	EndGlobalSection
	GlobalSection(ExtensibilityGlobals) = postSolution
		SolutionGuid = {380A7E73-916D-41DD-B089-067B20D32727}
	EndGlobalSection
EndGlobal
