
Microsoft Visual Studio Solution File, Format Version 12.00
# Visual Studio Version 17
VisualStudioVersion = 17.5.33402.96
MinimumVisualStudioVersion = 10.0.40219.1
Project("{9A19103F-16F7-4668-BE54-9A1E7A4F7556}") = "StockGrader.Infrastructure", "StockGrader.Infrastructure\StockGrader.Infrastructure.csproj", "{ABBBB531-A5FE-454A-AFB0-ADD03989543C}"
EndProject
Project("{9A19103F-16F7-4668-BE54-9A1E7A4F7556}") = "StockGrader.Domain", "StockGrader.Domain\StockGrader.Domain.csproj", "{06170E55-7C17-4E77-9F66-782F1DB4B3D1}"
EndProject
Project("{9A19103F-16F7-4668-BE54-9A1E7A4F7556}") = "StockGrader.Evaluator", "StockGrader.Evaluator\StockGrader.Evaluator.csproj", "{96C3907F-AD3F-4C38-8459-43759800EF0E}"
EndProject
Project("{9A19103F-16F7-4668-BE54-9A1E7A4F7556}") = "StockGrader.Writer", "StockGrader.Writer\StockGrader.Writer.csproj", "{99B802E8-49BC-43E8-9C70-1A48A12AF319}"
EndProject
Project("{9A19103F-16F7-4668-BE54-9A1E7A4F7556}") = "StockGrader.Writer.Test", "StockGrader.Test\StockGrader.Writer.Test.csproj", "{D01FB383-6B87-4B20-8CE6-C854A692BE0A}"
EndProject
Project("{9A19103F-16F7-4668-BE54-9A1E7A4F7556}") = "StockGrader.ExecutableConsoleApp", "StockGrader.ExecutableConsoleApp\StockGrader.ExecutableConsoleApp.csproj", "{470311CE-744F-49AE-A4C8-6D3F5029BAAD}"
EndProject
Project("{9A19103F-16F7-4668-BE54-9A1E7A4F7556}") = "StockGrader.Evaluator.Test", "StockGrader.Evaluator.Test\StockGrader.Evaluator.Test.csproj", "{42213968-76DC-463C-96B1-76A78AB6CBDB}"
EndProject
Global
	GlobalSection(SolutionConfigurationPlatforms) = preSolution
		Debug|Any CPU = Debug|Any CPU
		Release|Any CPU = Release|Any CPU
	EndGlobalSection
	GlobalSection(ProjectConfigurationPlatforms) = postSolution
		{ABBBB531-A5FE-454A-AFB0-ADD03989543C}.Debug|Any CPU.ActiveCfg = Debug|Any CPU
		{ABBBB531-A5FE-454A-AFB0-ADD03989543C}.Debug|Any CPU.Build.0 = Debug|Any CPU
		{ABBBB531-A5FE-454A-AFB0-ADD03989543C}.Release|Any CPU.ActiveCfg = Release|Any CPU
		{ABBBB531-A5FE-454A-AFB0-ADD03989543C}.Release|Any CPU.Build.0 = Release|Any CPU
		{06170E55-7C17-4E77-9F66-782F1DB4B3D1}.Debug|Any CPU.ActiveCfg = Debug|Any CPU
		{06170E55-7C17-4E77-9F66-782F1DB4B3D1}.Debug|Any CPU.Build.0 = Debug|Any CPU
		{06170E55-7C17-4E77-9F66-782F1DB4B3D1}.Release|Any CPU.ActiveCfg = Release|Any CPU
		{06170E55-7C17-4E77-9F66-782F1DB4B3D1}.Release|Any CPU.Build.0 = Release|Any CPU
		{96C3907F-AD3F-4C38-8459-43759800EF0E}.Debug|Any CPU.ActiveCfg = Debug|Any CPU
		{96C3907F-AD3F-4C38-8459-43759800EF0E}.Debug|Any CPU.Build.0 = Debug|Any CPU
		{96C3907F-AD3F-4C38-8459-43759800EF0E}.Release|Any CPU.ActiveCfg = Release|Any CPU
		{96C3907F-AD3F-4C38-8459-43759800EF0E}.Release|Any CPU.Build.0 = Release|Any CPU
		{99B802E8-49BC-43E8-9C70-1A48A12AF319}.Debug|Any CPU.ActiveCfg = Debug|Any CPU
		{99B802E8-49BC-43E8-9C70-1A48A12AF319}.Debug|Any CPU.Build.0 = Debug|Any CPU
		{99B802E8-49BC-43E8-9C70-1A48A12AF319}.Release|Any CPU.ActiveCfg = Release|Any CPU
		{99B802E8-49BC-43E8-9C70-1A48A12AF319}.Release|Any CPU.Build.0 = Release|Any CPU
		{D01FB383-6B87-4B20-8CE6-C854A692BE0A}.Debug|Any CPU.ActiveCfg = Debug|Any CPU
		{D01FB383-6B87-4B20-8CE6-C854A692BE0A}.Debug|Any CPU.Build.0 = Debug|Any CPU
		{D01FB383-6B87-4B20-8CE6-C854A692BE0A}.Release|Any CPU.ActiveCfg = Release|Any CPU
		{D01FB383-6B87-4B20-8CE6-C854A692BE0A}.Release|Any CPU.Build.0 = Release|Any CPU
		{470311CE-744F-49AE-A4C8-6D3F5029BAAD}.Debug|Any CPU.ActiveCfg = Debug|Any CPU
		{470311CE-744F-49AE-A4C8-6D3F5029BAAD}.Debug|Any CPU.Build.0 = Debug|Any CPU
		{470311CE-744F-49AE-A4C8-6D3F5029BAAD}.Release|Any CPU.ActiveCfg = Release|Any CPU
		{470311CE-744F-49AE-A4C8-6D3F5029BAAD}.Release|Any CPU.Build.0 = Release|Any CPU
		{42213968-76DC-463C-96B1-76A78AB6CBDB}.Debug|Any CPU.ActiveCfg = Debug|Any CPU
		{42213968-76DC-463C-96B1-76A78AB6CBDB}.Debug|Any CPU.Build.0 = Debug|Any CPU
		{42213968-76DC-463C-96B1-76A78AB6CBDB}.Release|Any CPU.ActiveCfg = Release|Any CPU
		{42213968-76DC-463C-96B1-76A78AB6CBDB}.Release|Any CPU.Build.0 = Release|Any CPU
	EndGlobalSection
	GlobalSection(SolutionProperties) = preSolution
		HideSolutionNode = FALSE
	EndGlobalSection
	GlobalSection(ExtensibilityGlobals) = postSolution
		SolutionGuid = {380A7E73-916D-41DD-B089-067B20D32727}
	EndGlobalSection
EndGlobal
